Microsoft Visual Studio Solution File, Format Version 11.00
# Visual Studio 2008

Project("{F0934E2D-E325-F936-5B45-109C3A2C830F}") = "GJSPRING2015", "Assembly-CSharp.csproj", "{EAD6B360-2E49-2AAE-158D-BAB25F4AB0FF}"
EndProject
Global
	GlobalSection(SolutionConfigurationPlatforms) = preSolution
		Debug|Any CPU = Debug|Any CPU
		Release|Any CPU = Release|Any CPU
	EndGlobalSection
	GlobalSection(ProjectConfigurationPlatforms) = postSolution
		{EAD6B360-2E49-2AAE-158D-BAB25F4AB0FF}.Debug|Any CPU.ActiveCfg = Debug|Any CPU
		{EAD6B360-2E49-2AAE-158D-BAB25F4AB0FF}.Debug|Any CPU.Build.0 = Debug|Any CPU
		{EAD6B360-2E49-2AAE-158D-BAB25F4AB0FF}.Release|Any CPU.ActiveCfg = Release|Any CPU
		{EAD6B360-2E49-2AAE-158D-BAB25F4AB0FF}.Release|Any CPU.Build.0 = Release|Any CPU
	EndGlobalSection
	GlobalSection(SolutionProperties) = preSolution
		HideSolutionNode = FALSE
	EndGlobalSection
															GlobalSection(MonoDevelopProperties) = preSolution
		StartupItem = Assembly-CSharp.csproj
		Policies = $0
		$0.TextStylePolicy = $1
		$1.inheritsSet = null
		$1.scope = text/x-csharp
		$0.CSharpFormattingPolicy = $2
		$2.inheritsSet = Mono
		$2.inheritsScope = text/x-csharp
		$2.scope = text/x-csharp
		$0.TextStylePolicy = $3
		$3.FileWidth = 120
		$3.TabWidth = 4
		$3.IndentWidth = 4
		$3.EolMarker = Unix
		$3.inheritsSet = Mono
		$3.inheritsScope = text/plain
		$3.scope = text/plain
	EndGlobalSection

EndGlobal
